
Microsoft Visual Studio Solution File, Format Version 12.00
# Visual Studio 2017
Project("{FAE04EC0-301F-11D3-BF4B-00C04F79EFBC}") = "freedom", "freedom.csproj", "{B8B0F405-979C-50CF-6A10-5E4DBC457B13}"
EndProject
Project("{FAE04EC0-301F-11D3-BF4B-00C04F79EFBC}") = "freedom.Editor", "freedom.Editor.csproj", "{3153F1EF-2EE4-A172-0459-ED770A599AC8}"
EndProject
Global
	GlobalSection(SolutionConfigurationPlatforms) = preSolution
		Debug|Any CPU = Debug|Any CPU
		Release|Any CPU = Release|Any CPU
	EndGlobalSection
	GlobalSection(ProjectConfigurationPlatforms) = postSolution
		{B8B0F405-979C-50CF-6A10-5E4DBC457B13}.Debug|Any CPU.ActiveCfg = Debug|Any CPU
		{B8B0F405-979C-50CF-6A10-5E4DBC457B13}.Debug|Any CPU.Build.0 = Debug|Any CPU
		{B8B0F405-979C-50CF-6A10-5E4DBC457B13}.Release|Any CPU.ActiveCfg = Release|Any CPU
		{B8B0F405-979C-50CF-6A10-5E4DBC457B13}.Release|Any CPU.Build.0 = Release|Any CPU
		{3153F1EF-2EE4-A172-0459-ED770A599AC8}.Debug|Any CPU.ActiveCfg = Debug|Any CPU
		{3153F1EF-2EE4-A172-0459-ED770A599AC8}.Debug|Any CPU.Build.0 = Debug|Any CPU
		{3153F1EF-2EE4-A172-0459-ED770A599AC8}.Release|Any CPU.ActiveCfg = Release|Any CPU
		{3153F1EF-2EE4-A172-0459-ED770A599AC8}.Release|Any CPU.Build.0 = Release|Any CPU
	EndGlobalSection
	GlobalSection(SolutionProperties) = preSolution
		HideSolutionNode = FALSE
	EndGlobalSection
EndGlobal
